
Microsoft Visual Studio Solution File, Format Version 12.00
# Visual Studio 15
VisualStudioVersion = 15.0.27004.2002
MinimumVisualStudioVersion = 10.0.40219.1
Project("{FAE04EC0-301F-11D3-BF4B-00C04F79EFBC}") = "heitech.LinqXt", "heitech.LinqXt\heitech.LinqXt.csproj", "{835CE71A-7979-473A-97C1-032F1A531194}"
EndProject
Project("{FAE04EC0-301F-11D3-BF4B-00C04F79EFBC}") = "heitech.LinqXt.Tests", "heitech.LinqXt.Tests\heitech.LinqXt.Tests.csproj", "{E9F80334-F097-4191-87CA-B153E859886E}"
EndProject
Project("{FAE04EC0-301F-11D3-BF4B-00C04F79EFBC}") = "heitech.LinqXt.Example", "heitech.LinqXt.Example\heitech.LinqXt.Example.csproj", "{E5CFF8A7-0589-4190-A5C2-9A774479546E}"
EndProject
Global
	GlobalSection(SolutionConfigurationPlatforms) = preSolution
		Debug|Any CPU = Debug|Any CPU
		Release|Any CPU = Release|Any CPU
	EndGlobalSection
	GlobalSection(ProjectConfigurationPlatforms) = postSolution
		{835CE71A-7979-473A-97C1-032F1A531194}.Debug|Any CPU.ActiveCfg = Debug|Any CPU
		{835CE71A-7979-473A-97C1-032F1A531194}.Debug|Any CPU.Build.0 = Debug|Any CPU
		{835CE71A-7979-473A-97C1-032F1A531194}.Release|Any CPU.ActiveCfg = Release|Any CPU
		{835CE71A-7979-473A-97C1-032F1A531194}.Release|Any CPU.Build.0 = Release|Any CPU
		{E9F80334-F097-4191-87CA-B153E859886E}.Debug|Any CPU.ActiveCfg = Debug|Any CPU
		{E9F80334-F097-4191-87CA-B153E859886E}.Debug|Any CPU.Build.0 = Debug|Any CPU
		{E9F80334-F097-4191-87CA-B153E859886E}.Release|Any CPU.ActiveCfg = Release|Any CPU
		{E9F80334-F097-4191-87CA-B153E859886E}.Release|Any CPU.Build.0 = Release|Any CPU
		{E5CFF8A7-0589-4190-A5C2-9A774479546E}.Debug|Any CPU.ActiveCfg = Debug|Any CPU
		{E5CFF8A7-0589-4190-A5C2-9A774479546E}.Debug|Any CPU.Build.0 = Debug|Any CPU
		{E5CFF8A7-0589-4190-A5C2-9A774479546E}.Release|Any CPU.ActiveCfg = Release|Any CPU
		{E5CFF8A7-0589-4190-A5C2-9A774479546E}.Release|Any CPU.Build.0 = Release|Any CPU
	EndGlobalSection
	GlobalSection(SolutionProperties) = preSolution
		HideSolutionNode = FALSE
	EndGlobalSection
	GlobalSection(ExtensibilityGlobals) = postSolution
		SolutionGuid = {B9E3662F-3CF9-479E-8391-DCAC42851EAF}
	EndGlobalSection
EndGlobal
